
Microsoft Visual Studio Solution File, Format Version 12.00
# Visual Studio 15
VisualStudioVersion = 15.0.28307.757
MinimumVisualStudioVersion = 10.0.40219.1
Project("{8BC9CEB8-8B4A-11D0-8D11-00A0C91BC942}") = "Tutorial01", "Tutorial01\Tutorial01.vcxproj", "{C3A6CD58-21EF-416D-BC52-8F712C501FC0}"
EndProject
Global
	GlobalSection(SolutionConfigurationPlatforms) = preSolution
		Debug|x64 = Debug|x64
		Debug|x86 = Debug|x86
		Release|x64 = Release|x64
		Release|x86 = Release|x86
	EndGlobalSection
	GlobalSection(ProjectConfigurationPlatforms) = postSolution
		{C3A6CD58-21EF-416D-BC52-8F712C501FC0}.Debug|x64.ActiveCfg = Debug|x64
		{C3A6CD58-21EF-416D-BC52-8F712C501FC0}.Debug|x64.Build.0 = Debug|x64
		{C3A6CD58-21EF-416D-BC52-8F712C501FC0}.Debug|x86.ActiveCfg = Debug|Win32
		{C3A6CD58-21EF-416D-BC52-8F712C501FC0}.Debug|x86.Build.0 = Debug|Win32
		{C3A6CD58-21EF-416D-BC52-8F712C501FC0}.Release|x64.ActiveCfg = Release|x64
		{C3A6CD58-21EF-416D-BC52-8F712C501FC0}.Release|x64.Build.0 = Release|x64
		{C3A6CD58-21EF-416D-BC52-8F712C501FC0}.Release|x86.ActiveCfg = Release|Win32
		{C3A6CD58-21EF-416D-BC52-8F712C501FC0}.Release|x86.Build.0 = Release|Win32
	EndGlobalSection
	GlobalSection(SolutionProperties) = preSolution
		HideSolutionNode = FALSE
	EndGlobalSection
	GlobalSection(ExtensibilityGlobals) = postSolution
		SolutionGuid = {27B7C42C-586B-4FC4-9C30-7C7BC312507B}
	EndGlobalSection
EndGlobal
